
Microsoft Visual Studio Solution File, Format Version 12.00
# Visual Studio Version 16
VisualStudioVersion = 16.0.29806.167
MinimumVisualStudioVersion = 10.0.40219.1
Project("{2150E333-8FDC-42A3-9474-1A3956D46DE8}") = "src", "src", "{BE7CE139-0486-470F-BC4F-998ADE165DAE}"
EndProject
Project("{2150E333-8FDC-42A3-9474-1A3956D46DE8}") = "tests", "tests", "{2E67C921-9271-4CF0-8BB8-0ECBBDD91B9F}"
EndProject
Project("{2150E333-8FDC-42A3-9474-1A3956D46DE8}") = "clients", "clients", "{1FBCF3EB-A166-43D8-BC9F-D0EB41C11966}"
EndProject
Project("{9A19103F-16F7-4668-BE54-9A1E7A4F7556}") = "DBMS.ConsoleClients", "src\clients\DBMS_ConsoleClients\DBMS.ConsoleClients.csproj", "{C716E1DA-731D-4279-90A6-CD08547ECED6}"
EndProject
Project("{9A19103F-16F7-4668-BE54-9A1E7A4F7556}") = "DBMS_Core", "src\DBMS_Core\DBMS_Core.csproj", "{BBEDE7B2-04B5-4748-AD26-BBB2595748C9}"
EndProject
Project("{9A19103F-16F7-4668-BE54-9A1E7A4F7556}") = "DBMS.Clients.WinForm", "src\clients\DBMS.Clients.WinForm\DBMS.Clients.WinForm.csproj", "{C9A76834-135C-4EF1-8E40-F45E3F91E015}"
EndProject
Project("{2150E333-8FDC-42A3-9474-1A3956D46DE8}") = "hosts", "hosts", "{DD73DBE1-DA05-40CE-B5F5-17F2FBF7FE16}"
EndProject
Project("{9A19103F-16F7-4668-BE54-9A1E7A4F7556}") = "DBMS.WebApi", "src\hosts\DBMS.WebApi\DBMS.WebApi.csproj", "{4D9A21FC-878F-454C-A16D-A3D6B7FE2093}"
EndProject
Project("{9A19103F-16F7-4668-BE54-9A1E7A4F7556}") = "DBMS.Manager", "src\DBSM.Manager\DBMS.Manager.csproj", "{1599D93D-7784-4A32-B2B7-5E7CCF9196FC}"
EndProject
Project("{9A19103F-16F7-4668-BE54-9A1E7A4F7556}") = "DBMS.Core.Tests", "DBMS.Core.Tests\DBMS.Core.Tests.csproj", "{9B45416B-7648-4B36-81E3-D2BED6607D59}"
EndProject
Project("{9A19103F-16F7-4668-BE54-9A1E7A4F7556}") = "DBMS.SharedModels", "DBMS.SharedModels\DBMS.SharedModels.csproj", "{89D54D3C-88D6-4120-8036-16B4B8DF6E4D}"
EndProject
Project("{2150E333-8FDC-42A3-9474-1A3956D46DE8}") = "internal", "internal", "{66F49D81-E142-4318-9D9C-BB40506F554B}"
EndProject
Project("{9A19103F-16F7-4668-BE54-9A1E7A4F7556}") = "DBMS.WebApiClient", "src\clients\internal\DBMS.WebApiClient\DBMS.WebApiClient.csproj", "{1515C559-42F8-4AEA-BBB6-F47AE2FE9EC4}"
EndProject
Project("{2150E333-8FDC-42A3-9474-1A3956D46DE8}") = "core", "core", "{D3EBB2B6-A8BB-48AF-B33E-AE0FCACC73CF}"
EndProject
Project("{FAE04EC0-301F-11D3-BF4B-00C04F79EFBC}") = "DBMS.SqlServerSource", "src\DBMS.SqlServerSource\DBMS.SqlServerSource.csproj", "{429F5324-6809-4312-B5C4-F0F99A3A720A}"
EndProject
Global
	GlobalSection(SolutionConfigurationPlatforms) = preSolution
		Debug|Any CPU = Debug|Any CPU
		Release|Any CPU = Release|Any CPU
	EndGlobalSection
	GlobalSection(ProjectConfigurationPlatforms) = postSolution
		{C716E1DA-731D-4279-90A6-CD08547ECED6}.Debug|Any CPU.ActiveCfg = Debug|Any CPU
		{C716E1DA-731D-4279-90A6-CD08547ECED6}.Debug|Any CPU.Build.0 = Debug|Any CPU
		{C716E1DA-731D-4279-90A6-CD08547ECED6}.Release|Any CPU.ActiveCfg = Release|Any CPU
		{C716E1DA-731D-4279-90A6-CD08547ECED6}.Release|Any CPU.Build.0 = Release|Any CPU
		{BBEDE7B2-04B5-4748-AD26-BBB2595748C9}.Debug|Any CPU.ActiveCfg = Debug|Any CPU
		{BBEDE7B2-04B5-4748-AD26-BBB2595748C9}.Debug|Any CPU.Build.0 = Debug|Any CPU
		{BBEDE7B2-04B5-4748-AD26-BBB2595748C9}.Release|Any CPU.ActiveCfg = Release|Any CPU
		{BBEDE7B2-04B5-4748-AD26-BBB2595748C9}.Release|Any CPU.Build.0 = Release|Any CPU
		{C9A76834-135C-4EF1-8E40-F45E3F91E015}.Debug|Any CPU.ActiveCfg = Debug|Any CPU
		{C9A76834-135C-4EF1-8E40-F45E3F91E015}.Debug|Any CPU.Build.0 = Debug|Any CPU
		{C9A76834-135C-4EF1-8E40-F45E3F91E015}.Release|Any CPU.ActiveCfg = Release|Any CPU
		{C9A76834-135C-4EF1-8E40-F45E3F91E015}.Release|Any CPU.Build.0 = Release|Any CPU
		{4D9A21FC-878F-454C-A16D-A3D6B7FE2093}.Debug|Any CPU.ActiveCfg = Debug|Any CPU
		{4D9A21FC-878F-454C-A16D-A3D6B7FE2093}.Debug|Any CPU.Build.0 = Debug|Any CPU
		{4D9A21FC-878F-454C-A16D-A3D6B7FE2093}.Release|Any CPU.ActiveCfg = Release|Any CPU
		{4D9A21FC-878F-454C-A16D-A3D6B7FE2093}.Release|Any CPU.Build.0 = Release|Any CPU
		{1599D93D-7784-4A32-B2B7-5E7CCF9196FC}.Debug|Any CPU.ActiveCfg = Debug|Any CPU
		{1599D93D-7784-4A32-B2B7-5E7CCF9196FC}.Debug|Any CPU.Build.0 = Debug|Any CPU
		{1599D93D-7784-4A32-B2B7-5E7CCF9196FC}.Release|Any CPU.ActiveCfg = Release|Any CPU
		{1599D93D-7784-4A32-B2B7-5E7CCF9196FC}.Release|Any CPU.Build.0 = Release|Any CPU
		{9B45416B-7648-4B36-81E3-D2BED6607D59}.Debug|Any CPU.ActiveCfg = Debug|Any CPU
		{9B45416B-7648-4B36-81E3-D2BED6607D59}.Debug|Any CPU.Build.0 = Debug|Any CPU
		{9B45416B-7648-4B36-81E3-D2BED6607D59}.Release|Any CPU.ActiveCfg = Release|Any CPU
		{9B45416B-7648-4B36-81E3-D2BED6607D59}.Release|Any CPU.Build.0 = Release|Any CPU
		{89D54D3C-88D6-4120-8036-16B4B8DF6E4D}.Debug|Any CPU.ActiveCfg = Debug|Any CPU
		{89D54D3C-88D6-4120-8036-16B4B8DF6E4D}.Debug|Any CPU.Build.0 = Debug|Any CPU
		{89D54D3C-88D6-4120-8036-16B4B8DF6E4D}.Release|Any CPU.ActiveCfg = Release|Any CPU
		{89D54D3C-88D6-4120-8036-16B4B8DF6E4D}.Release|Any CPU.Build.0 = Release|Any CPU
		{1515C559-42F8-4AEA-BBB6-F47AE2FE9EC4}.Debug|Any CPU.ActiveCfg = Debug|Any CPU
		{1515C559-42F8-4AEA-BBB6-F47AE2FE9EC4}.Debug|Any CPU.Build.0 = Debug|Any CPU
		{1515C559-42F8-4AEA-BBB6-F47AE2FE9EC4}.Release|Any CPU.ActiveCfg = Release|Any CPU
		{1515C559-42F8-4AEA-BBB6-F47AE2FE9EC4}.Release|Any CPU.Build.0 = Release|Any CPU
		{429F5324-6809-4312-B5C4-F0F99A3A720A}.Debug|Any CPU.ActiveCfg = Debug|Any CPU
		{429F5324-6809-4312-B5C4-F0F99A3A720A}.Debug|Any CPU.Build.0 = Debug|Any CPU
		{429F5324-6809-4312-B5C4-F0F99A3A720A}.Release|Any CPU.ActiveCfg = Release|Any CPU
		{429F5324-6809-4312-B5C4-F0F99A3A720A}.Release|Any CPU.Build.0 = Release|Any CPU
	EndGlobalSection
	GlobalSection(SolutionProperties) = preSolution
		HideSolutionNode = FALSE
	EndGlobalSection
	GlobalSection(NestedProjects) = preSolution
		{1FBCF3EB-A166-43D8-BC9F-D0EB41C11966} = {BE7CE139-0486-470F-BC4F-998ADE165DAE}
		{C716E1DA-731D-4279-90A6-CD08547ECED6} = {1FBCF3EB-A166-43D8-BC9F-D0EB41C11966}
		{BBEDE7B2-04B5-4748-AD26-BBB2595748C9} = {D3EBB2B6-A8BB-48AF-B33E-AE0FCACC73CF}
		{C9A76834-135C-4EF1-8E40-F45E3F91E015} = {1FBCF3EB-A166-43D8-BC9F-D0EB41C11966}
		{DD73DBE1-DA05-40CE-B5F5-17F2FBF7FE16} = {BE7CE139-0486-470F-BC4F-998ADE165DAE}
		{4D9A21FC-878F-454C-A16D-A3D6B7FE2093} = {DD73DBE1-DA05-40CE-B5F5-17F2FBF7FE16}
		{1599D93D-7784-4A32-B2B7-5E7CCF9196FC} = {BE7CE139-0486-470F-BC4F-998ADE165DAE}
		{9B45416B-7648-4B36-81E3-D2BED6607D59} = {2E67C921-9271-4CF0-8BB8-0ECBBDD91B9F}
		{89D54D3C-88D6-4120-8036-16B4B8DF6E4D} = {BE7CE139-0486-470F-BC4F-998ADE165DAE}
		{66F49D81-E142-4318-9D9C-BB40506F554B} = {1FBCF3EB-A166-43D8-BC9F-D0EB41C11966}
		{1515C559-42F8-4AEA-BBB6-F47AE2FE9EC4} = {66F49D81-E142-4318-9D9C-BB40506F554B}
		{D3EBB2B6-A8BB-48AF-B33E-AE0FCACC73CF} = {BE7CE139-0486-470F-BC4F-998ADE165DAE}
		{429F5324-6809-4312-B5C4-F0F99A3A720A} = {D3EBB2B6-A8BB-48AF-B33E-AE0FCACC73CF}
	EndGlobalSection
	GlobalSection(ExtensibilityGlobals) = postSolution
		SolutionGuid = {2EFB09A0-4C30-4189-950F-DF6C34974493}
	EndGlobalSection
EndGlobal
